
Microsoft Visual Studio Solution File, Format Version 12.00
# Visual Studio 15
VisualStudioVersion = 15.0.27130.2020
MinimumVisualStudioVersion = 10.0.40219.1
Project("{FAE04EC0-301F-11D3-BF4B-00C04F79EFBC}") = "SensorsViewer", "SensorsViewer\SensorsViewer.csproj", "{82555EAB-2135-45F7-B809-B0EFC0FCF4A5}"
EndProject
Project("{54435603-DBB4-11D2-8724-00A0C9A8B90C}") = "GMAB1", "GMAB1\GMAB1.vdproj", "{9C0FBC85-3FBB-48F9-881F-4B944C2C50C3}"
EndProject
Global
	GlobalSection(SolutionConfigurationPlatforms) = preSolution
		Debug|Any CPU = Debug|Any CPU
		Release|Any CPU = Release|Any CPU
	EndGlobalSection
	GlobalSection(ProjectConfigurationPlatforms) = postSolution
		{82555EAB-2135-45F7-B809-B0EFC0FCF4A5}.Debug|Any CPU.ActiveCfg = Debug|Any CPU
		{82555EAB-2135-45F7-B809-B0EFC0FCF4A5}.Debug|Any CPU.Build.0 = Debug|Any CPU
		{82555EAB-2135-45F7-B809-B0EFC0FCF4A5}.Release|Any CPU.ActiveCfg = Release|Any CPU
		{82555EAB-2135-45F7-B809-B0EFC0FCF4A5}.Release|Any CPU.Build.0 = Release|Any CPU
		{9C0FBC85-3FBB-48F9-881F-4B944C2C50C3}.Debug|Any CPU.ActiveCfg = Debug
		{9C0FBC85-3FBB-48F9-881F-4B944C2C50C3}.Release|Any CPU.ActiveCfg = Release
	EndGlobalSection
	GlobalSection(SolutionProperties) = preSolution
		HideSolutionNode = FALSE
	EndGlobalSection
	GlobalSection(ExtensibilityGlobals) = postSolution
		SolutionGuid = {B90ED140-6460-4CEB-94B9-2254C886DA4B}
	EndGlobalSection
EndGlobal
